
Microsoft Visual Studio Solution File, Format Version 12.00
# Visual Studio Version 16
VisualStudioVersion = 16.0.28803.202
MinimumVisualStudioVersion = 10.0.40219.1
Project("{D954291E-2A0B-460D-934E-DC6B0785DB48}") = "BugTracker.Shared", "BugTracker\BugTracker.Shared\BugTracker.Shared.shproj", "{6279C845-92F8-4333-AB99-3D213163593C}"
EndProject
Project("{FAE04EC0-301F-11D3-BF4B-00C04F79EFBC}") = "BugTracker.Droid", "BugTracker\BugTracker.Droid\BugTracker.Droid.csproj", "{622E14E4-3BE0-40E3-8C34-2DEA00C21B75}"
EndProject
Project("{FAE04EC0-301F-11D3-BF4B-00C04F79EFBC}") = "BugTracker.iOS", "BugTracker\BugTracker.iOS\BugTracker.iOS.csproj", "{12A0C805-40C3-41EF-9DAA-90119AA4F20F}"
EndProject
Project("{FAE04EC0-301F-11D3-BF4B-00C04F79EFBC}") = "BugTracker.UWP", "BugTracker\BugTracker.UWP\BugTracker.UWP.csproj", "{FB0539A5-5327-4D18-8D38-BC0A094EEDA4}"
EndProject
Project("{9A19103F-16F7-4668-BE54-9A1E7A4F7556}") = "BugTracker.Wasm", "BugTracker\BugTracker.Wasm\BugTracker.Wasm.csproj", "{C45BD35F-85EF-44D7-9E91-74D5A5F27B6B}"
EndProject
Project("{2150E333-8FDC-42A3-9474-1A3956D46DE8}") = "Solution Items", "Solution Items", "{576F2253-A2BD-47D3-8EF6-B34CD430A0E6}"
	ProjectSection(SolutionItems) = preProject
		.editorconfig = .editorconfig
	EndProjectSection
EndProject
Global
	GlobalSection(SharedMSBuildProjectFiles) = preSolution
		BugTracker\BugTracker.Shared\BugTracker.Shared.projitems*{12a0c805-40c3-41ef-9daa-90119aa4f20f}*SharedItemsImports = 4
		BugTracker\BugTracker.Shared\BugTracker.Shared.projitems*{622e14e4-3be0-40e3-8c34-2dea00c21b75}*SharedItemsImports = 4
		BugTracker\BugTracker.Shared\BugTracker.Shared.projitems*{6279c845-92f8-4333-ab99-3d213163593c}*SharedItemsImports = 13
		BugTracker\BugTracker.Shared\BugTracker.Shared.projitems*{fb0539a5-5327-4d18-8d38-bc0a094eeda4}*SharedItemsImports = 4
	EndGlobalSection
	GlobalSection(SolutionConfigurationPlatforms) = preSolution
		Ad-Hoc|Any CPU = Ad-Hoc|Any CPU
		Ad-Hoc|ARM = Ad-Hoc|ARM
		Ad-Hoc|iPhone = Ad-Hoc|iPhone
		Ad-Hoc|iPhoneSimulator = Ad-Hoc|iPhoneSimulator
		Ad-Hoc|x64 = Ad-Hoc|x64
		Ad-Hoc|x86 = Ad-Hoc|x86
		AppStore|Any CPU = AppStore|Any CPU
		AppStore|ARM = AppStore|ARM
		AppStore|iPhone = AppStore|iPhone
		AppStore|iPhoneSimulator = AppStore|iPhoneSimulator
		AppStore|x64 = AppStore|x64
		AppStore|x86 = AppStore|x86
		Debug|Any CPU = Debug|Any CPU
		Debug|ARM = Debug|ARM
		Debug|iPhone = Debug|iPhone
		Debug|iPhoneSimulator = Debug|iPhoneSimulator
		Debug|x64 = Debug|x64
		Debug|x86 = Debug|x86
		Release|Any CPU = Release|Any CPU
		Release|ARM = Release|ARM
		Release|iPhone = Release|iPhone
		Release|iPhoneSimulator = Release|iPhoneSimulator
		Release|x64 = Release|x64
		Release|x86 = Release|x86
	EndGlobalSection
	GlobalSection(ProjectConfigurationPlatforms) = postSolution
		{622E14E4-3BE0-40E3-8C34-2DEA00C21B75}.Ad-Hoc|Any CPU.ActiveCfg = Release|Any CPU
		{622E14E4-3BE0-40E3-8C34-2DEA00C21B75}.Ad-Hoc|Any CPU.Build.0 = Release|Any CPU
		{622E14E4-3BE0-40E3-8C34-2DEA00C21B75}.Ad-Hoc|Any CPU.Deploy.0 = Release|Any CPU
		{622E14E4-3BE0-40E3-8C34-2DEA00C21B75}.Ad-Hoc|ARM.ActiveCfg = Release|Any CPU
		{622E14E4-3BE0-40E3-8C34-2DEA00C21B75}.Ad-Hoc|ARM.Build.0 = Release|Any CPU
		{622E14E4-3BE0-40E3-8C34-2DEA00C21B75}.Ad-Hoc|ARM.Deploy.0 = Release|Any CPU
		{622E14E4-3BE0-40E3-8C34-2DEA00C21B75}.Ad-Hoc|iPhone.ActiveCfg = Release|Any CPU
		{622E14E4-3BE0-40E3-8C34-2DEA00C21B75}.Ad-Hoc|iPhone.Build.0 = Release|Any CPU
		{622E14E4-3BE0-40E3-8C34-2DEA00C21B75}.Ad-Hoc|iPhone.Deploy.0 = Release|Any CPU
		{622E14E4-3BE0-40E3-8C34-2DEA00C21B75}.Ad-Hoc|iPhoneSimulator.ActiveCfg = Release|Any CPU
		{622E14E4-3BE0-40E3-8C34-2DEA00C21B75}.Ad-Hoc|iPhoneSimulator.Build.0 = Release|Any CPU
		{622E14E4-3BE0-40E3-8C34-2DEA00C21B75}.Ad-Hoc|iPhoneSimulator.Deploy.0 = Release|Any CPU
		{622E14E4-3BE0-40E3-8C34-2DEA00C21B75}.Ad-Hoc|x64.ActiveCfg = Release|Any CPU
		{622E14E4-3BE0-40E3-8C34-2DEA00C21B75}.Ad-Hoc|x64.Build.0 = Release|Any CPU
		{622E14E4-3BE0-40E3-8C34-2DEA00C21B75}.Ad-Hoc|x64.Deploy.0 = Release|Any CPU
		{622E14E4-3BE0-40E3-8C34-2DEA00C21B75}.Ad-Hoc|x86.ActiveCfg = Release|Any CPU
		{622E14E4-3BE0-40E3-8C34-2DEA00C21B75}.Ad-Hoc|x86.Build.0 = Release|Any CPU
		{622E14E4-3BE0-40E3-8C34-2DEA00C21B75}.Ad-Hoc|x86.Deploy.0 = Release|Any CPU
		{622E14E4-3BE0-40E3-8C34-2DEA00C21B75}.AppStore|Any CPU.ActiveCfg = Release|Any CPU
		{622E14E4-3BE0-40E3-8C34-2DEA00C21B75}.AppStore|Any CPU.Build.0 = Release|Any CPU
		{622E14E4-3BE0-40E3-8C34-2DEA00C21B75}.AppStore|Any CPU.Deploy.0 = Release|Any CPU
		{622E14E4-3BE0-40E3-8C34-2DEA00C21B75}.AppStore|ARM.ActiveCfg = Release|Any CPU
		{622E14E4-3BE0-40E3-8C34-2DEA00C21B75}.AppStore|ARM.Build.0 = Release|Any CPU
		{622E14E4-3BE0-40E3-8C34-2DEA00C21B75}.AppStore|ARM.Deploy.0 = Release|Any CPU
		{622E14E4-3BE0-40E3-8C34-2DEA00C21B75}.AppStore|iPhone.ActiveCfg = Release|Any CPU
		{622E14E4-3BE0-40E3-8C34-2DEA00C21B75}.AppStore|iPhone.Build.0 = Release|Any CPU
		{622E14E4-3BE0-40E3-8C34-2DEA00C21B75}.AppStore|iPhone.Deploy.0 = Release|Any CPU
		{622E14E4-3BE0-40E3-8C34-2DEA00C21B75}.AppStore|iPhoneSimulator.ActiveCfg = Release|Any CPU
		{622E14E4-3BE0-40E3-8C34-2DEA00C21B75}.AppStore|iPhoneSimulator.Build.0 = Release|Any CPU
		{622E14E4-3BE0-40E3-8C34-2DEA00C21B75}.AppStore|iPhoneSimulator.Deploy.0 = Release|Any CPU
		{622E14E4-3BE0-40E3-8C34-2DEA00C21B75}.AppStore|x64.ActiveCfg = Release|Any CPU
		{622E14E4-3BE0-40E3-8C34-2DEA00C21B75}.AppStore|x64.Build.0 = Release|Any CPU
		{622E14E4-3BE0-40E3-8C34-2DEA00C21B75}.AppStore|x64.Deploy.0 = Release|Any CPU
		{622E14E4-3BE0-40E3-8C34-2DEA00C21B75}.AppStore|x86.ActiveCfg = Release|Any CPU
		{622E14E4-3BE0-40E3-8C34-2DEA00C21B75}.AppStore|x86.Build.0 = Release|Any CPU
		{622E14E4-3BE0-40E3-8C34-2DEA00C21B75}.AppStore|x86.Deploy.0 = Release|Any CPU
		{622E14E4-3BE0-40E3-8C34-2DEA00C21B75}.Debug|Any CPU.ActiveCfg = Debug|Any CPU
		{622E14E4-3BE0-40E3-8C34-2DEA00C21B75}.Debug|Any CPU.Build.0 = Debug|Any CPU
		{622E14E4-3BE0-40E3-8C34-2DEA00C21B75}.Debug|Any CPU.Deploy.0 = Debug|Any CPU
		{622E14E4-3BE0-40E3-8C34-2DEA00C21B75}.Debug|ARM.ActiveCfg = Debug|Any CPU
		{622E14E4-3BE0-40E3-8C34-2DEA00C21B75}.Debug|ARM.Build.0 = Debug|Any CPU
		{622E14E4-3BE0-40E3-8C34-2DEA00C21B75}.Debug|ARM.Deploy.0 = Debug|Any CPU
		{622E14E4-3BE0-40E3-8C34-2DEA00C21B75}.Debug|iPhone.ActiveCfg = Debug|Any CPU
		{622E14E4-3BE0-40E3-8C34-2DEA00C21B75}.Debug|iPhone.Build.0 = Debug|Any CPU
		{622E14E4-3BE0-40E3-8C34-2DEA00C21B75}.Debug|iPhone.Deploy.0 = Debug|Any CPU
		{622E14E4-3BE0-40E3-8C34-2DEA00C21B75}.Debug|iPhoneSimulator.ActiveCfg = Debug|Any CPU
		{622E14E4-3BE0-40E3-8C34-2DEA00C21B75}.Debug|iPhoneSimulator.Build.0 = Debug|Any CPU
		{622E14E4-3BE0-40E3-8C34-2DEA00C21B75}.Debug|iPhoneSimulator.Deploy.0 = Debug|Any CPU
		{622E14E4-3BE0-40E3-8C34-2DEA00C21B75}.Debug|x64.ActiveCfg = Debug|Any CPU
		{622E14E4-3BE0-40E3-8C34-2DEA00C21B75}.Debug|x64.Build.0 = Debug|Any CPU
		{622E14E4-3BE0-40E3-8C34-2DEA00C21B75}.Debug|x64.Deploy.0 = Debug|Any CPU
		{622E14E4-3BE0-40E3-8C34-2DEA00C21B75}.Debug|x86.ActiveCfg = Debug|Any CPU
		{622E14E4-3BE0-40E3-8C34-2DEA00C21B75}.Debug|x86.Build.0 = Debug|Any CPU
		{622E14E4-3BE0-40E3-8C34-2DEA00C21B75}.Debug|x86.Deploy.0 = Debug|Any CPU
		{622E14E4-3BE0-40E3-8C34-2DEA00C21B75}.Release|Any CPU.ActiveCfg = Release|Any CPU
		{622E14E4-3BE0-40E3-8C34-2DEA00C21B75}.Release|Any CPU.Build.0 = Release|Any CPU
		{622E14E4-3BE0-40E3-8C34-2DEA00C21B75}.Release|Any CPU.Deploy.0 = Release|Any CPU
		{622E14E4-3BE0-40E3-8C34-2DEA00C21B75}.Release|ARM.ActiveCfg = Release|Any CPU
		{622E14E4-3BE0-40E3-8C34-2DEA00C21B75}.Release|ARM.Build.0 = Release|Any CPU
		{622E14E4-3BE0-40E3-8C34-2DEA00C21B75}.Release|ARM.Deploy.0 = Release|Any CPU
		{622E14E4-3BE0-40E3-8C34-2DEA00C21B75}.Release|iPhone.ActiveCfg = Release|Any CPU
		{622E14E4-3BE0-40E3-8C34-2DEA00C21B75}.Release|iPhone.Build.0 = Release|Any CPU
		{622E14E4-3BE0-40E3-8C34-2DEA00C21B75}.Release|iPhone.Deploy.0 = Release|Any CPU
		{622E14E4-3BE0-40E3-8C34-2DEA00C21B75}.Release|iPhoneSimulator.ActiveCfg = Release|Any CPU
		{622E14E4-3BE0-40E3-8C34-2DEA00C21B75}.Release|iPhoneSimulator.Build.0 = Release|Any CPU
		{622E14E4-3BE0-40E3-8C34-2DEA00C21B75}.Release|iPhoneSimulator.Deploy.0 = Release|Any CPU
		{622E14E4-3BE0-40E3-8C34-2DEA00C21B75}.Release|x64.ActiveCfg = Release|Any CPU
		{622E14E4-3BE0-40E3-8C34-2DEA00C21B75}.Release|x64.Build.0 = Release|Any CPU
		{622E14E4-3BE0-40E3-8C34-2DEA00C21B75}.Release|x64.Deploy.0 = Release|Any CPU
		{622E14E4-3BE0-40E3-8C34-2DEA00C21B75}.Release|x86.ActiveCfg = Release|Any CPU
		{622E14E4-3BE0-40E3-8C34-2DEA00C21B75}.Release|x86.Build.0 = Release|Any CPU
		{622E14E4-3BE0-40E3-8C34-2DEA00C21B75}.Release|x86.Deploy.0 = Release|Any CPU
		{12A0C805-40C3-41EF-9DAA-90119AA4F20F}.Ad-Hoc|Any CPU.ActiveCfg = Ad-Hoc|iPhone
		{12A0C805-40C3-41EF-9DAA-90119AA4F20F}.Ad-Hoc|ARM.ActiveCfg = Ad-Hoc|iPhone
		{12A0C805-40C3-41EF-9DAA-90119AA4F20F}.Ad-Hoc|iPhone.ActiveCfg = Ad-Hoc|iPhone
		{12A0C805-40C3-41EF-9DAA-90119AA4F20F}.Ad-Hoc|iPhone.Build.0 = Ad-Hoc|iPhone
		{12A0C805-40C3-41EF-9DAA-90119AA4F20F}.Ad-Hoc|iPhoneSimulator.ActiveCfg = Ad-Hoc|iPhoneSimulator
		{12A0C805-40C3-41EF-9DAA-90119AA4F20F}.Ad-Hoc|iPhoneSimulator.Build.0 = Ad-Hoc|iPhoneSimulator
		{12A0C805-40C3-41EF-9DAA-90119AA4F20F}.Ad-Hoc|x64.ActiveCfg = Ad-Hoc|iPhone
		{12A0C805-40C3-41EF-9DAA-90119AA4F20F}.Ad-Hoc|x86.ActiveCfg = Ad-Hoc|iPhone
		{12A0C805-40C3-41EF-9DAA-90119AA4F20F}.AppStore|Any CPU.ActiveCfg = AppStore|iPhone
		{12A0C805-40C3-41EF-9DAA-90119AA4F20F}.AppStore|ARM.ActiveCfg = AppStore|iPhone
		{12A0C805-40C3-41EF-9DAA-90119AA4F20F}.AppStore|iPhone.ActiveCfg = AppStore|iPhone
		{12A0C805-40C3-41EF-9DAA-90119AA4F20F}.AppStore|iPhone.Build.0 = AppStore|iPhone
		{12A0C805-40C3-41EF-9DAA-90119AA4F20F}.AppStore|iPhoneSimulator.ActiveCfg = AppStore|iPhoneSimulator
		{12A0C805-40C3-41EF-9DAA-90119AA4F20F}.AppStore|iPhoneSimulator.Build.0 = AppStore|iPhoneSimulator
		{12A0C805-40C3-41EF-9DAA-90119AA4F20F}.AppStore|x64.ActiveCfg = AppStore|iPhone
		{12A0C805-40C3-41EF-9DAA-90119AA4F20F}.AppStore|x86.ActiveCfg = AppStore|iPhone
		{12A0C805-40C3-41EF-9DAA-90119AA4F20F}.Debug|Any CPU.ActiveCfg = Debug|iPhone
		{12A0C805-40C3-41EF-9DAA-90119AA4F20F}.Debug|ARM.ActiveCfg = Debug|iPhone
		{12A0C805-40C3-41EF-9DAA-90119AA4F20F}.Debug|iPhone.ActiveCfg = Debug|iPhone
		{12A0C805-40C3-41EF-9DAA-90119AA4F20F}.Debug|iPhone.Build.0 = Debug|iPhone
		{12A0C805-40C3-41EF-9DAA-90119AA4F20F}.Debug|iPhoneSimulator.ActiveCfg = Debug|iPhoneSimulator
		{12A0C805-40C3-41EF-9DAA-90119AA4F20F}.Debug|iPhoneSimulator.Build.0 = Debug|iPhoneSimulator
		{12A0C805-40C3-41EF-9DAA-90119AA4F20F}.Debug|x64.ActiveCfg = Debug|iPhone
		{12A0C805-40C3-41EF-9DAA-90119AA4F20F}.Debug|x86.ActiveCfg = Debug|iPhone
		{12A0C805-40C3-41EF-9DAA-90119AA4F20F}.Release|Any CPU.ActiveCfg = Release|iPhone
		{12A0C805-40C3-41EF-9DAA-90119AA4F20F}.Release|ARM.ActiveCfg = Release|iPhone
		{12A0C805-40C3-41EF-9DAA-90119AA4F20F}.Release|iPhone.ActiveCfg = Release|iPhone
		{12A0C805-40C3-41EF-9DAA-90119AA4F20F}.Release|iPhone.Build.0 = Release|iPhone
		{12A0C805-40C3-41EF-9DAA-90119AA4F20F}.Release|iPhoneSimulator.ActiveCfg = Release|iPhoneSimulator
		{12A0C805-40C3-41EF-9DAA-90119AA4F20F}.Release|iPhoneSimulator.Build.0 = Release|iPhoneSimulator
		{12A0C805-40C3-41EF-9DAA-90119AA4F20F}.Release|x64.ActiveCfg = Release|iPhone
		{12A0C805-40C3-41EF-9DAA-90119AA4F20F}.Release|x86.ActiveCfg = Release|iPhone
		{FB0539A5-5327-4D18-8D38-BC0A094EEDA4}.Ad-Hoc|Any CPU.ActiveCfg = Release|x64
		{FB0539A5-5327-4D18-8D38-BC0A094EEDA4}.Ad-Hoc|Any CPU.Build.0 = Release|x64
		{FB0539A5-5327-4D18-8D38-BC0A094EEDA4}.Ad-Hoc|Any CPU.Deploy.0 = Release|x64
		{FB0539A5-5327-4D18-8D38-BC0A094EEDA4}.Ad-Hoc|ARM.ActiveCfg = Release|ARM
		{FB0539A5-5327-4D18-8D38-BC0A094EEDA4}.Ad-Hoc|ARM.Build.0 = Release|ARM
		{FB0539A5-5327-4D18-8D38-BC0A094EEDA4}.Ad-Hoc|ARM.Deploy.0 = Release|ARM
		{FB0539A5-5327-4D18-8D38-BC0A094EEDA4}.Ad-Hoc|iPhone.ActiveCfg = Release|x64
		{FB0539A5-5327-4D18-8D38-BC0A094EEDA4}.Ad-Hoc|iPhone.Build.0 = Release|x64
		{FB0539A5-5327-4D18-8D38-BC0A094EEDA4}.Ad-Hoc|iPhone.Deploy.0 = Release|x64
		{FB0539A5-5327-4D18-8D38-BC0A094EEDA4}.Ad-Hoc|iPhoneSimulator.ActiveCfg = Release|x64
		{FB0539A5-5327-4D18-8D38-BC0A094EEDA4}.Ad-Hoc|iPhoneSimulator.Build.0 = Release|x64
		{FB0539A5-5327-4D18-8D38-BC0A094EEDA4}.Ad-Hoc|iPhoneSimulator.Deploy.0 = Release|x64
		{FB0539A5-5327-4D18-8D38-BC0A094EEDA4}.Ad-Hoc|x64.ActiveCfg = Release|x64
		{FB0539A5-5327-4D18-8D38-BC0A094EEDA4}.Ad-Hoc|x64.Build.0 = Release|x64
		{FB0539A5-5327-4D18-8D38-BC0A094EEDA4}.Ad-Hoc|x64.Deploy.0 = Release|x64
		{FB0539A5-5327-4D18-8D38-BC0A094EEDA4}.Ad-Hoc|x86.ActiveCfg = Release|x86
		{FB0539A5-5327-4D18-8D38-BC0A094EEDA4}.Ad-Hoc|x86.Build.0 = Release|x86
		{FB0539A5-5327-4D18-8D38-BC0A094EEDA4}.Ad-Hoc|x86.Deploy.0 = Release|x86
		{FB0539A5-5327-4D18-8D38-BC0A094EEDA4}.AppStore|Any CPU.ActiveCfg = Release|x64
		{FB0539A5-5327-4D18-8D38-BC0A094EEDA4}.AppStore|Any CPU.Build.0 = Release|x64
		{FB0539A5-5327-4D18-8D38-BC0A094EEDA4}.AppStore|Any CPU.Deploy.0 = Release|x64
		{FB0539A5-5327-4D18-8D38-BC0A094EEDA4}.AppStore|ARM.ActiveCfg = Release|ARM
		{FB0539A5-5327-4D18-8D38-BC0A094EEDA4}.AppStore|ARM.Build.0 = Release|ARM
		{FB0539A5-5327-4D18-8D38-BC0A094EEDA4}.AppStore|ARM.Deploy.0 = Release|ARM
		{FB0539A5-5327-4D18-8D38-BC0A094EEDA4}.AppStore|iPhone.ActiveCfg = Release|x64
		{FB0539A5-5327-4D18-8D38-BC0A094EEDA4}.AppStore|iPhone.Build.0 = Release|x64
		{FB0539A5-5327-4D18-8D38-BC0A094EEDA4}.AppStore|iPhone.Deploy.0 = Release|x64
		{FB0539A5-5327-4D18-8D38-BC0A094EEDA4}.AppStore|iPhoneSimulator.ActiveCfg = Release|x64
		{FB0539A5-5327-4D18-8D38-BC0A094EEDA4}.AppStore|iPhoneSimulator.Build.0 = Release|x64
		{FB0539A5-5327-4D18-8D38-BC0A094EEDA4}.AppStore|iPhoneSimulator.Deploy.0 = Release|x64
		{FB0539A5-5327-4D18-8D38-BC0A094EEDA4}.AppStore|x64.ActiveCfg = Release|x64
		{FB0539A5-5327-4D18-8D38-BC0A094EEDA4}.AppStore|x64.Build.0 = Release|x64
		{FB0539A5-5327-4D18-8D38-BC0A094EEDA4}.AppStore|x64.Deploy.0 = Release|x64
		{FB0539A5-5327-4D18-8D38-BC0A094EEDA4}.AppStore|x86.ActiveCfg = Release|x86
		{FB0539A5-5327-4D18-8D38-BC0A094EEDA4}.AppStore|x86.Build.0 = Release|x86
		{FB0539A5-5327-4D18-8D38-BC0A094EEDA4}.AppStore|x86.Deploy.0 = Release|x86
		{FB0539A5-5327-4D18-8D38-BC0A094EEDA4}.Debug|Any CPU.ActiveCfg = Debug|x86
		{FB0539A5-5327-4D18-8D38-BC0A094EEDA4}.Debug|ARM.ActiveCfg = Debug|ARM
		{FB0539A5-5327-4D18-8D38-BC0A094EEDA4}.Debug|ARM.Build.0 = Debug|ARM
		{FB0539A5-5327-4D18-8D38-BC0A094EEDA4}.Debug|ARM.Deploy.0 = Debug|ARM
		{FB0539A5-5327-4D18-8D38-BC0A094EEDA4}.Debug|iPhone.ActiveCfg = Debug|x86
		{FB0539A5-5327-4D18-8D38-BC0A094EEDA4}.Debug|iPhoneSimulator.ActiveCfg = Debug|x86
		{FB0539A5-5327-4D18-8D38-BC0A094EEDA4}.Debug|x64.ActiveCfg = Debug|x64
		{FB0539A5-5327-4D18-8D38-BC0A094EEDA4}.Debug|x64.Build.0 = Debug|x64
		{FB0539A5-5327-4D18-8D38-BC0A094EEDA4}.Debug|x64.Deploy.0 = Debug|x64
		{FB0539A5-5327-4D18-8D38-BC0A094EEDA4}.Debug|x86.ActiveCfg = Debug|x86
		{FB0539A5-5327-4D18-8D38-BC0A094EEDA4}.Debug|x86.Build.0 = Debug|x86
		{FB0539A5-5327-4D18-8D38-BC0A094EEDA4}.Debug|x86.Deploy.0 = Debug|x86
		{FB0539A5-5327-4D18-8D38-BC0A094EEDA4}.Release|Any CPU.ActiveCfg = Release|x86
		{FB0539A5-5327-4D18-8D38-BC0A094EEDA4}.Release|ARM.ActiveCfg = Release|ARM
		{FB0539A5-5327-4D18-8D38-BC0A094EEDA4}.Release|ARM.Build.0 = Release|ARM
		{FB0539A5-5327-4D18-8D38-BC0A094EEDA4}.Release|ARM.Deploy.0 = Release|ARM
		{FB0539A5-5327-4D18-8D38-BC0A094EEDA4}.Release|iPhone.ActiveCfg = Release|x86
		{FB0539A5-5327-4D18-8D38-BC0A094EEDA4}.Release|iPhoneSimulator.ActiveCfg = Release|x86
		{FB0539A5-5327-4D18-8D38-BC0A094EEDA4}.Release|x64.ActiveCfg = Release|x64
		{FB0539A5-5327-4D18-8D38-BC0A094EEDA4}.Release|x64.Build.0 = Release|x64
		{FB0539A5-5327-4D18-8D38-BC0A094EEDA4}.Release|x64.Deploy.0 = Release|x64
		{FB0539A5-5327-4D18-8D38-BC0A094EEDA4}.Release|x86.ActiveCfg = Release|x86
		{FB0539A5-5327-4D18-8D38-BC0A094EEDA4}.Release|x86.Build.0 = Release|x86
		{FB0539A5-5327-4D18-8D38-BC0A094EEDA4}.Release|x86.Deploy.0 = Release|x86
		{C45BD35F-85EF-44D7-9E91-74D5A5F27B6B}.Ad-Hoc|Any CPU.ActiveCfg = Debug|Any CPU
		{C45BD35F-85EF-44D7-9E91-74D5A5F27B6B}.Ad-Hoc|Any CPU.Build.0 = Debug|Any CPU
		{C45BD35F-85EF-44D7-9E91-74D5A5F27B6B}.Ad-Hoc|ARM.ActiveCfg = Debug|Any CPU
		{C45BD35F-85EF-44D7-9E91-74D5A5F27B6B}.Ad-Hoc|ARM.Build.0 = Debug|Any CPU
		{C45BD35F-85EF-44D7-9E91-74D5A5F27B6B}.Ad-Hoc|iPhone.ActiveCfg = Debug|Any CPU
		{C45BD35F-85EF-44D7-9E91-74D5A5F27B6B}.Ad-Hoc|iPhone.Build.0 = Debug|Any CPU
		{C45BD35F-85EF-44D7-9E91-74D5A5F27B6B}.Ad-Hoc|iPhoneSimulator.ActiveCfg = Debug|Any CPU
		{C45BD35F-85EF-44D7-9E91-74D5A5F27B6B}.Ad-Hoc|iPhoneSimulator.Build.0 = Debug|Any CPU
		{C45BD35F-85EF-44D7-9E91-74D5A5F27B6B}.Ad-Hoc|x64.ActiveCfg = Debug|Any CPU
		{C45BD35F-85EF-44D7-9E91-74D5A5F27B6B}.Ad-Hoc|x64.Build.0 = Debug|Any CPU
		{C45BD35F-85EF-44D7-9E91-74D5A5F27B6B}.Ad-Hoc|x86.ActiveCfg = Debug|Any CPU
		{C45BD35F-85EF-44D7-9E91-74D5A5F27B6B}.Ad-Hoc|x86.Build.0 = Debug|Any CPU
		{C45BD35F-85EF-44D7-9E91-74D5A5F27B6B}.AppStore|Any CPU.ActiveCfg = Debug|Any CPU
		{C45BD35F-85EF-44D7-9E91-74D5A5F27B6B}.AppStore|Any CPU.Build.0 = Debug|Any CPU
		{C45BD35F-85EF-44D7-9E91-74D5A5F27B6B}.AppStore|ARM.ActiveCfg = Debug|Any CPU
		{C45BD35F-85EF-44D7-9E91-74D5A5F27B6B}.AppStore|ARM.Build.0 = Debug|Any CPU
		{C45BD35F-85EF-44D7-9E91-74D5A5F27B6B}.AppStore|iPhone.ActiveCfg = Debug|Any CPU
		{C45BD35F-85EF-44D7-9E91-74D5A5F27B6B}.AppStore|iPhone.Build.0 = Debug|Any CPU
		{C45BD35F-85EF-44D7-9E91-74D5A5F27B6B}.AppStore|iPhoneSimulator.ActiveCfg = Debug|Any CPU
		{C45BD35F-85EF-44D7-9E91-74D5A5F27B6B}.AppStore|iPhoneSimulator.Build.0 = Debug|Any CPU
		{C45BD35F-85EF-44D7-9E91-74D5A5F27B6B}.AppStore|x64.ActiveCfg = Debug|Any CPU
		{C45BD35F-85EF-44D7-9E91-74D5A5F27B6B}.AppStore|x64.Build.0 = Debug|Any CPU
		{C45BD35F-85EF-44D7-9E91-74D5A5F27B6B}.AppStore|x86.ActiveCfg = Debug|Any CPU
		{C45BD35F-85EF-44D7-9E91-74D5A5F27B6B}.AppStore|x86.Build.0 = Debug|Any CPU
		{C45BD35F-85EF-44D7-9E91-74D5A5F27B6B}.Debug|Any CPU.ActiveCfg = Debug|Any CPU
		{C45BD35F-85EF-44D7-9E91-74D5A5F27B6B}.Debug|Any CPU.Build.0 = Debug|Any CPU
		{C45BD35F-85EF-44D7-9E91-74D5A5F27B6B}.Debug|ARM.ActiveCfg = Debug|Any CPU
		{C45BD35F-85EF-44D7-9E91-74D5A5F27B6B}.Debug|ARM.Build.0 = Debug|Any CPU
		{C45BD35F-85EF-44D7-9E91-74D5A5F27B6B}.Debug|iPhone.ActiveCfg = Debug|Any CPU
		{C45BD35F-85EF-44D7-9E91-74D5A5F27B6B}.Debug|iPhone.Build.0 = Debug|Any CPU
		{C45BD35F-85EF-44D7-9E91-74D5A5F27B6B}.Debug|iPhoneSimulator.ActiveCfg = Debug|Any CPU
		{C45BD35F-85EF-44D7-9E91-74D5A5F27B6B}.Debug|iPhoneSimulator.Build.0 = Debug|Any CPU
		{C45BD35F-85EF-44D7-9E91-74D5A5F27B6B}.Debug|x64.ActiveCfg = Debug|Any CPU
		{C45BD35F-85EF-44D7-9E91-74D5A5F27B6B}.Debug|x64.Build.0 = Debug|Any CPU
		{C45BD35F-85EF-44D7-9E91-74D5A5F27B6B}.Debug|x86.ActiveCfg = Debug|Any CPU
		{C45BD35F-85EF-44D7-9E91-74D5A5F27B6B}.Debug|x86.Build.0 = Debug|Any CPU
		{C45BD35F-85EF-44D7-9E91-74D5A5F27B6B}.Release|Any CPU.ActiveCfg = Release|Any CPU
		{C45BD35F-85EF-44D7-9E91-74D5A5F27B6B}.Release|Any CPU.Build.0 = Release|Any CPU
		{C45BD35F-85EF-44D7-9E91-74D5A5F27B6B}.Release|ARM.ActiveCfg = Release|Any CPU
		{C45BD35F-85EF-44D7-9E91-74D5A5F27B6B}.Release|ARM.Build.0 = Release|Any CPU
		{C45BD35F-85EF-44D7-9E91-74D5A5F27B6B}.Release|iPhone.ActiveCfg = Release|Any CPU
		{C45BD35F-85EF-44D7-9E91-74D5A5F27B6B}.Release|iPhone.Build.0 = Release|Any CPU
		{C45BD35F-85EF-44D7-9E91-74D5A5F27B6B}.Release|iPhoneSimulator.ActiveCfg = Release|Any CPU
		{C45BD35F-85EF-44D7-9E91-74D5A5F27B6B}.Release|iPhoneSimulator.Build.0 = Release|Any CPU
		{C45BD35F-85EF-44D7-9E91-74D5A5F27B6B}.Release|x64.ActiveCfg = Release|Any CPU
		{C45BD35F-85EF-44D7-9E91-74D5A5F27B6B}.Release|x64.Build.0 = Release|Any CPU
		{C45BD35F-85EF-44D7-9E91-74D5A5F27B6B}.Release|x86.ActiveCfg = Release|Any CPU
		{C45BD35F-85EF-44D7-9E91-74D5A5F27B6B}.Release|x86.Build.0 = Release|Any CPU
	EndGlobalSection
	GlobalSection(SolutionProperties) = preSolution
		HideSolutionNode = FALSE
	EndGlobalSection
	GlobalSection(ExtensibilityGlobals) = postSolution
		SolutionGuid = {6D2D4464-3DAC-4FB5-8241-78F71C58E924}
	EndGlobalSection
EndGlobal
