
Microsoft Visual Studio Solution File, Format Version 12.00
# Visual Studio Version 17
VisualStudioVersion = 17.1.31903.286
MinimumVisualStudioVersion = 10.0.40219.1
Project("{D954291E-2A0B-460D-934E-DC6B0785DB48}") = "UnoSliderDemo.Shared", "UnoSliderDemo.Shared\UnoSliderDemo.Shared.shproj", "{6279C845-92F8-4333-AB99-3D213163593C}"
EndProject
Project("{FAE04EC0-301F-11D3-BF4B-00C04F79EFBC}") = "UnoSliderDemo.Droid", "UnoSliderDemo.Droid\UnoSliderDemo.Droid.csproj", "{AB00C810-DC09-4B4C-A355-BD54ED07985F}"
EndProject
Project("{FAE04EC0-301F-11D3-BF4B-00C04F79EFBC}") = "UnoSliderDemo.iOS", "UnoSliderDemo.iOS\UnoSliderDemo.iOS.csproj", "{8DF9BE40-1BE5-4AE0-9348-16363DB3082D}"
EndProject
Project("{FAE04EC0-301F-11D3-BF4B-00C04F79EFBC}") = "UnoSliderDemo.UWP", "UnoSliderDemo.UWP\UnoSliderDemo.UWP.csproj", "{0BAA85BB-2682-4206-AAE6-EAB9F2D15D18}"
EndProject
Project("{9A19103F-16F7-4668-BE54-9A1E7A4F7556}") = "UnoSliderDemo.Wasm", "UnoSliderDemo.Wasm\UnoSliderDemo.Wasm.csproj", "{ED3A6505-E030-458E-B4B0-6DAC1593BBF4}"
EndProject
Project("{FAE04EC0-301F-11D3-BF4B-00C04F79EFBC}") = "UnoSliderDemo.macOS", "UnoSliderDemo.macOS\UnoSliderDemo.macOS.csproj", "{8516FF6E-A0EB-4497-A417-0324241A3C37}"
EndProject
Global
	GlobalSection(SharedMSBuildProjectFiles) = preSolution
		UnoSliderDemo.Shared\UnoSliderDemo.Shared.projitems*{0baa85bb-2682-4206-aae6-eab9f2d15d18}*SharedItemsImports = 4
		UnoSliderDemo.Shared\UnoSliderDemo.Shared.projitems*{6279c845-92f8-4333-ab99-3d213163593c}*SharedItemsImports = 13
		UnoSliderDemo.Shared\UnoSliderDemo.Shared.projitems*{8516ff6e-a0eb-4497-a417-0324241a3c37}*SharedItemsImports = 4
		UnoSliderDemo.Shared\UnoSliderDemo.Shared.projitems*{8df9be40-1be5-4ae0-9348-16363db3082d}*SharedItemsImports = 4
		UnoSliderDemo.Shared\UnoSliderDemo.Shared.projitems*{ab00c810-dc09-4b4c-a355-bd54ed07985f}*SharedItemsImports = 4
		UnoSliderDemo.Shared\UnoSliderDemo.Shared.projitems*{ed3a6505-e030-458e-b4b0-6dac1593bbf4}*SharedItemsImports = 5
	EndGlobalSection
	GlobalSection(SolutionConfigurationPlatforms) = preSolution
		Ad-Hoc|Any CPU = Ad-Hoc|Any CPU
		Ad-Hoc|ARM = Ad-Hoc|ARM
		Ad-Hoc|ARM64 = Ad-Hoc|ARM64
		Ad-Hoc|iPhone = Ad-Hoc|iPhone
		Ad-Hoc|iPhoneSimulator = Ad-Hoc|iPhoneSimulator
		Ad-Hoc|x64 = Ad-Hoc|x64
		Ad-Hoc|x86 = Ad-Hoc|x86
		AppStore|Any CPU = AppStore|Any CPU
		AppStore|ARM = AppStore|ARM
		AppStore|ARM64 = AppStore|ARM64
		AppStore|iPhone = AppStore|iPhone
		AppStore|iPhoneSimulator = AppStore|iPhoneSimulator
		AppStore|x64 = AppStore|x64
		AppStore|x86 = AppStore|x86
		Debug|Any CPU = Debug|Any CPU
		Debug|ARM = Debug|ARM
		Debug|ARM64 = Debug|ARM64
		Debug|iPhone = Debug|iPhone
		Debug|iPhoneSimulator = Debug|iPhoneSimulator
		Debug|x64 = Debug|x64
		Debug|x86 = Debug|x86
		Release|Any CPU = Release|Any CPU
		Release|ARM = Release|ARM
		Release|ARM64 = Release|ARM64
		Release|iPhone = Release|iPhone
		Release|iPhoneSimulator = Release|iPhoneSimulator
		Release|x64 = Release|x64
		Release|x86 = Release|x86
	EndGlobalSection
	GlobalSection(ProjectConfigurationPlatforms) = postSolution
		{AB00C810-DC09-4B4C-A355-BD54ED07985F}.Ad-Hoc|Any CPU.ActiveCfg = Release|Any CPU
		{AB00C810-DC09-4B4C-A355-BD54ED07985F}.Ad-Hoc|Any CPU.Build.0 = Release|Any CPU
		{AB00C810-DC09-4B4C-A355-BD54ED07985F}.Ad-Hoc|Any CPU.Deploy.0 = Release|Any CPU
		{AB00C810-DC09-4B4C-A355-BD54ED07985F}.Ad-Hoc|ARM.ActiveCfg = Release|Any CPU
		{AB00C810-DC09-4B4C-A355-BD54ED07985F}.Ad-Hoc|ARM.Build.0 = Release|Any CPU
		{AB00C810-DC09-4B4C-A355-BD54ED07985F}.Ad-Hoc|ARM.Deploy.0 = Release|Any CPU
		{AB00C810-DC09-4B4C-A355-BD54ED07985F}.Ad-Hoc|ARM64.ActiveCfg = Release|Any CPU
		{AB00C810-DC09-4B4C-A355-BD54ED07985F}.Ad-Hoc|ARM64.Build.0 = Release|Any CPU
		{AB00C810-DC09-4B4C-A355-BD54ED07985F}.Ad-Hoc|ARM64.Deploy.0 = Release|Any CPU
		{AB00C810-DC09-4B4C-A355-BD54ED07985F}.Ad-Hoc|iPhone.ActiveCfg = Release|Any CPU
		{AB00C810-DC09-4B4C-A355-BD54ED07985F}.Ad-Hoc|iPhone.Build.0 = Release|Any CPU
		{AB00C810-DC09-4B4C-A355-BD54ED07985F}.Ad-Hoc|iPhone.Deploy.0 = Release|Any CPU
		{AB00C810-DC09-4B4C-A355-BD54ED07985F}.Ad-Hoc|iPhoneSimulator.ActiveCfg = Release|Any CPU
		{AB00C810-DC09-4B4C-A355-BD54ED07985F}.Ad-Hoc|iPhoneSimulator.Build.0 = Release|Any CPU
		{AB00C810-DC09-4B4C-A355-BD54ED07985F}.Ad-Hoc|iPhoneSimulator.Deploy.0 = Release|Any CPU
		{AB00C810-DC09-4B4C-A355-BD54ED07985F}.Ad-Hoc|x64.ActiveCfg = Release|Any CPU
		{AB00C810-DC09-4B4C-A355-BD54ED07985F}.Ad-Hoc|x64.Build.0 = Release|Any CPU
		{AB00C810-DC09-4B4C-A355-BD54ED07985F}.Ad-Hoc|x64.Deploy.0 = Release|Any CPU
		{AB00C810-DC09-4B4C-A355-BD54ED07985F}.Ad-Hoc|x86.ActiveCfg = Release|Any CPU
		{AB00C810-DC09-4B4C-A355-BD54ED07985F}.Ad-Hoc|x86.Build.0 = Release|Any CPU
		{AB00C810-DC09-4B4C-A355-BD54ED07985F}.Ad-Hoc|x86.Deploy.0 = Release|Any CPU
		{AB00C810-DC09-4B4C-A355-BD54ED07985F}.AppStore|Any CPU.ActiveCfg = Release|Any CPU
		{AB00C810-DC09-4B4C-A355-BD54ED07985F}.AppStore|Any CPU.Build.0 = Release|Any CPU
		{AB00C810-DC09-4B4C-A355-BD54ED07985F}.AppStore|Any CPU.Deploy.0 = Release|Any CPU
		{AB00C810-DC09-4B4C-A355-BD54ED07985F}.AppStore|ARM.ActiveCfg = Release|Any CPU
		{AB00C810-DC09-4B4C-A355-BD54ED07985F}.AppStore|ARM.Build.0 = Release|Any CPU
		{AB00C810-DC09-4B4C-A355-BD54ED07985F}.AppStore|ARM.Deploy.0 = Release|Any CPU
		{AB00C810-DC09-4B4C-A355-BD54ED07985F}.AppStore|ARM64.ActiveCfg = Release|Any CPU
		{AB00C810-DC09-4B4C-A355-BD54ED07985F}.AppStore|ARM64.Build.0 = Release|Any CPU
		{AB00C810-DC09-4B4C-A355-BD54ED07985F}.AppStore|ARM64.Deploy.0 = Release|Any CPU
		{AB00C810-DC09-4B4C-A355-BD54ED07985F}.AppStore|iPhone.ActiveCfg = Release|Any CPU
		{AB00C810-DC09-4B4C-A355-BD54ED07985F}.AppStore|iPhone.Build.0 = Release|Any CPU
		{AB00C810-DC09-4B4C-A355-BD54ED07985F}.AppStore|iPhone.Deploy.0 = Release|Any CPU
		{AB00C810-DC09-4B4C-A355-BD54ED07985F}.AppStore|iPhoneSimulator.ActiveCfg = Release|Any CPU
		{AB00C810-DC09-4B4C-A355-BD54ED07985F}.AppStore|iPhoneSimulator.Build.0 = Release|Any CPU
		{AB00C810-DC09-4B4C-A355-BD54ED07985F}.AppStore|iPhoneSimulator.Deploy.0 = Release|Any CPU
		{AB00C810-DC09-4B4C-A355-BD54ED07985F}.AppStore|x64.ActiveCfg = Release|Any CPU
		{AB00C810-DC09-4B4C-A355-BD54ED07985F}.AppStore|x64.Build.0 = Release|Any CPU
		{AB00C810-DC09-4B4C-A355-BD54ED07985F}.AppStore|x64.Deploy.0 = Release|Any CPU
		{AB00C810-DC09-4B4C-A355-BD54ED07985F}.AppStore|x86.ActiveCfg = Release|Any CPU
		{AB00C810-DC09-4B4C-A355-BD54ED07985F}.AppStore|x86.Build.0 = Release|Any CPU
		{AB00C810-DC09-4B4C-A355-BD54ED07985F}.AppStore|x86.Deploy.0 = Release|Any CPU
		{AB00C810-DC09-4B4C-A355-BD54ED07985F}.Debug|Any CPU.ActiveCfg = Debug|Any CPU
		{AB00C810-DC09-4B4C-A355-BD54ED07985F}.Debug|Any CPU.Build.0 = Debug|Any CPU
		{AB00C810-DC09-4B4C-A355-BD54ED07985F}.Debug|Any CPU.Deploy.0 = Debug|Any CPU
		{AB00C810-DC09-4B4C-A355-BD54ED07985F}.Debug|ARM.ActiveCfg = Debug|Any CPU
		{AB00C810-DC09-4B4C-A355-BD54ED07985F}.Debug|ARM.Build.0 = Debug|Any CPU
		{AB00C810-DC09-4B4C-A355-BD54ED07985F}.Debug|ARM.Deploy.0 = Debug|Any CPU
		{AB00C810-DC09-4B4C-A355-BD54ED07985F}.Debug|ARM64.ActiveCfg = Debug|Any CPU
		{AB00C810-DC09-4B4C-A355-BD54ED07985F}.Debug|ARM64.Build.0 = Debug|Any CPU
		{AB00C810-DC09-4B4C-A355-BD54ED07985F}.Debug|ARM64.Deploy.0 = Debug|Any CPU
		{AB00C810-DC09-4B4C-A355-BD54ED07985F}.Debug|iPhone.ActiveCfg = Debug|Any CPU
		{AB00C810-DC09-4B4C-A355-BD54ED07985F}.Debug|iPhone.Build.0 = Debug|Any CPU
		{AB00C810-DC09-4B4C-A355-BD54ED07985F}.Debug|iPhone.Deploy.0 = Debug|Any CPU
		{AB00C810-DC09-4B4C-A355-BD54ED07985F}.Debug|iPhoneSimulator.ActiveCfg = Debug|Any CPU
		{AB00C810-DC09-4B4C-A355-BD54ED07985F}.Debug|iPhoneSimulator.Build.0 = Debug|Any CPU
		{AB00C810-DC09-4B4C-A355-BD54ED07985F}.Debug|iPhoneSimulator.Deploy.0 = Debug|Any CPU
		{AB00C810-DC09-4B4C-A355-BD54ED07985F}.Debug|x64.ActiveCfg = Debug|Any CPU
		{AB00C810-DC09-4B4C-A355-BD54ED07985F}.Debug|x64.Build.0 = Debug|Any CPU
		{AB00C810-DC09-4B4C-A355-BD54ED07985F}.Debug|x64.Deploy.0 = Debug|Any CPU
		{AB00C810-DC09-4B4C-A355-BD54ED07985F}.Debug|x86.ActiveCfg = Debug|Any CPU
		{AB00C810-DC09-4B4C-A355-BD54ED07985F}.Debug|x86.Build.0 = Debug|Any CPU
		{AB00C810-DC09-4B4C-A355-BD54ED07985F}.Debug|x86.Deploy.0 = Debug|Any CPU
		{AB00C810-DC09-4B4C-A355-BD54ED07985F}.Release|Any CPU.ActiveCfg = Release|Any CPU
		{AB00C810-DC09-4B4C-A355-BD54ED07985F}.Release|Any CPU.Build.0 = Release|Any CPU
		{AB00C810-DC09-4B4C-A355-BD54ED07985F}.Release|Any CPU.Deploy.0 = Release|Any CPU
		{AB00C810-DC09-4B4C-A355-BD54ED07985F}.Release|ARM.ActiveCfg = Release|Any CPU
		{AB00C810-DC09-4B4C-A355-BD54ED07985F}.Release|ARM.Build.0 = Release|Any CPU
		{AB00C810-DC09-4B4C-A355-BD54ED07985F}.Release|ARM.Deploy.0 = Release|Any CPU
		{AB00C810-DC09-4B4C-A355-BD54ED07985F}.Release|ARM64.ActiveCfg = Release|Any CPU
		{AB00C810-DC09-4B4C-A355-BD54ED07985F}.Release|ARM64.Build.0 = Release|Any CPU
		{AB00C810-DC09-4B4C-A355-BD54ED07985F}.Release|ARM64.Deploy.0 = Release|Any CPU
		{AB00C810-DC09-4B4C-A355-BD54ED07985F}.Release|iPhone.ActiveCfg = Release|Any CPU
		{AB00C810-DC09-4B4C-A355-BD54ED07985F}.Release|iPhone.Build.0 = Release|Any CPU
		{AB00C810-DC09-4B4C-A355-BD54ED07985F}.Release|iPhone.Deploy.0 = Release|Any CPU
		{AB00C810-DC09-4B4C-A355-BD54ED07985F}.Release|iPhoneSimulator.ActiveCfg = Release|Any CPU
		{AB00C810-DC09-4B4C-A355-BD54ED07985F}.Release|iPhoneSimulator.Build.0 = Release|Any CPU
		{AB00C810-DC09-4B4C-A355-BD54ED07985F}.Release|iPhoneSimulator.Deploy.0 = Release|Any CPU
		{AB00C810-DC09-4B4C-A355-BD54ED07985F}.Release|x64.ActiveCfg = Release|Any CPU
		{AB00C810-DC09-4B4C-A355-BD54ED07985F}.Release|x64.Build.0 = Release|Any CPU
		{AB00C810-DC09-4B4C-A355-BD54ED07985F}.Release|x64.Deploy.0 = Release|Any CPU
		{AB00C810-DC09-4B4C-A355-BD54ED07985F}.Release|x86.ActiveCfg = Release|Any CPU
		{AB00C810-DC09-4B4C-A355-BD54ED07985F}.Release|x86.Build.0 = Release|Any CPU
		{AB00C810-DC09-4B4C-A355-BD54ED07985F}.Release|x86.Deploy.0 = Release|Any CPU
		{8DF9BE40-1BE5-4AE0-9348-16363DB3082D}.Ad-Hoc|Any CPU.ActiveCfg = Ad-Hoc|iPhone
		{8DF9BE40-1BE5-4AE0-9348-16363DB3082D}.Ad-Hoc|ARM.ActiveCfg = Ad-Hoc|iPhone
		{8DF9BE40-1BE5-4AE0-9348-16363DB3082D}.Ad-Hoc|ARM64.ActiveCfg = Ad-Hoc|iPhone
		{8DF9BE40-1BE5-4AE0-9348-16363DB3082D}.Ad-Hoc|iPhone.ActiveCfg = Ad-Hoc|iPhone
		{8DF9BE40-1BE5-4AE0-9348-16363DB3082D}.Ad-Hoc|iPhone.Build.0 = Ad-Hoc|iPhone
		{8DF9BE40-1BE5-4AE0-9348-16363DB3082D}.Ad-Hoc|iPhoneSimulator.ActiveCfg = Ad-Hoc|iPhoneSimulator
		{8DF9BE40-1BE5-4AE0-9348-16363DB3082D}.Ad-Hoc|iPhoneSimulator.Build.0 = Ad-Hoc|iPhoneSimulator
		{8DF9BE40-1BE5-4AE0-9348-16363DB3082D}.Ad-Hoc|x64.ActiveCfg = Ad-Hoc|iPhone
		{8DF9BE40-1BE5-4AE0-9348-16363DB3082D}.Ad-Hoc|x86.ActiveCfg = Ad-Hoc|iPhone
		{8DF9BE40-1BE5-4AE0-9348-16363DB3082D}.AppStore|Any CPU.ActiveCfg = AppStore|iPhone
		{8DF9BE40-1BE5-4AE0-9348-16363DB3082D}.AppStore|ARM.ActiveCfg = AppStore|iPhone
		{8DF9BE40-1BE5-4AE0-9348-16363DB3082D}.AppStore|ARM64.ActiveCfg = AppStore|iPhone
		{8DF9BE40-1BE5-4AE0-9348-16363DB3082D}.AppStore|iPhone.ActiveCfg = AppStore|iPhone
		{8DF9BE40-1BE5-4AE0-9348-16363DB3082D}.AppStore|iPhone.Build.0 = AppStore|iPhone
		{8DF9BE40-1BE5-4AE0-9348-16363DB3082D}.AppStore|iPhoneSimulator.ActiveCfg = AppStore|iPhoneSimulator
		{8DF9BE40-1BE5-4AE0-9348-16363DB3082D}.AppStore|iPhoneSimulator.Build.0 = AppStore|iPhoneSimulator
		{8DF9BE40-1BE5-4AE0-9348-16363DB3082D}.AppStore|x64.ActiveCfg = AppStore|iPhone
		{8DF9BE40-1BE5-4AE0-9348-16363DB3082D}.AppStore|x86.ActiveCfg = AppStore|iPhone
		{8DF9BE40-1BE5-4AE0-9348-16363DB3082D}.Debug|Any CPU.ActiveCfg = Debug|iPhoneSimulator
		{8DF9BE40-1BE5-4AE0-9348-16363DB3082D}.Debug|Any CPU.Build.0 = Debug|iPhoneSimulator
		{8DF9BE40-1BE5-4AE0-9348-16363DB3082D}.Debug|ARM.ActiveCfg = Debug|iPhone
		{8DF9BE40-1BE5-4AE0-9348-16363DB3082D}.Debug|ARM64.ActiveCfg = Debug|iPhone
		{8DF9BE40-1BE5-4AE0-9348-16363DB3082D}.Debug|iPhone.ActiveCfg = Debug|iPhone
		{8DF9BE40-1BE5-4AE0-9348-16363DB3082D}.Debug|iPhone.Build.0 = Debug|iPhone
		{8DF9BE40-1BE5-4AE0-9348-16363DB3082D}.Debug|iPhoneSimulator.ActiveCfg = Debug|iPhoneSimulator
		{8DF9BE40-1BE5-4AE0-9348-16363DB3082D}.Debug|iPhoneSimulator.Build.0 = Debug|iPhoneSimulator
		{8DF9BE40-1BE5-4AE0-9348-16363DB3082D}.Debug|x64.ActiveCfg = Debug|iPhone
		{8DF9BE40-1BE5-4AE0-9348-16363DB3082D}.Debug|x86.ActiveCfg = Debug|iPhone
		{8DF9BE40-1BE5-4AE0-9348-16363DB3082D}.Release|Any CPU.ActiveCfg = Release|iPhone
		{8DF9BE40-1BE5-4AE0-9348-16363DB3082D}.Release|ARM.ActiveCfg = Release|iPhone
		{8DF9BE40-1BE5-4AE0-9348-16363DB3082D}.Release|ARM64.ActiveCfg = Release|iPhone
		{8DF9BE40-1BE5-4AE0-9348-16363DB3082D}.Release|iPhone.ActiveCfg = Release|iPhone
		{8DF9BE40-1BE5-4AE0-9348-16363DB3082D}.Release|iPhone.Build.0 = Release|iPhone
		{8DF9BE40-1BE5-4AE0-9348-16363DB3082D}.Release|iPhoneSimulator.ActiveCfg = Release|iPhoneSimulator
		{8DF9BE40-1BE5-4AE0-9348-16363DB3082D}.Release|iPhoneSimulator.Build.0 = Release|iPhoneSimulator
		{8DF9BE40-1BE5-4AE0-9348-16363DB3082D}.Release|x64.ActiveCfg = Release|iPhone
		{8DF9BE40-1BE5-4AE0-9348-16363DB3082D}.Release|x86.ActiveCfg = Release|iPhone
		{0BAA85BB-2682-4206-AAE6-EAB9F2D15D18}.Ad-Hoc|Any CPU.ActiveCfg = Release|x64
		{0BAA85BB-2682-4206-AAE6-EAB9F2D15D18}.Ad-Hoc|Any CPU.Build.0 = Release|x64
		{0BAA85BB-2682-4206-AAE6-EAB9F2D15D18}.Ad-Hoc|Any CPU.Deploy.0 = Release|x64
		{0BAA85BB-2682-4206-AAE6-EAB9F2D15D18}.Ad-Hoc|ARM.ActiveCfg = Release|ARM
		{0BAA85BB-2682-4206-AAE6-EAB9F2D15D18}.Ad-Hoc|ARM.Build.0 = Release|ARM
		{0BAA85BB-2682-4206-AAE6-EAB9F2D15D18}.Ad-Hoc|ARM.Deploy.0 = Release|ARM
		{0BAA85BB-2682-4206-AAE6-EAB9F2D15D18}.Ad-Hoc|ARM64.ActiveCfg = Release|ARM64
		{0BAA85BB-2682-4206-AAE6-EAB9F2D15D18}.Ad-Hoc|ARM64.Build.0 = Release|ARM64
		{0BAA85BB-2682-4206-AAE6-EAB9F2D15D18}.Ad-Hoc|ARM64.Deploy.0 = Release|ARM64
		{0BAA85BB-2682-4206-AAE6-EAB9F2D15D18}.Ad-Hoc|iPhone.ActiveCfg = Release|x64
		{0BAA85BB-2682-4206-AAE6-EAB9F2D15D18}.Ad-Hoc|iPhone.Build.0 = Release|x64
		{0BAA85BB-2682-4206-AAE6-EAB9F2D15D18}.Ad-Hoc|iPhone.Deploy.0 = Release|x64
		{0BAA85BB-2682-4206-AAE6-EAB9F2D15D18}.Ad-Hoc|iPhoneSimulator.ActiveCfg = Release|x64
		{0BAA85BB-2682-4206-AAE6-EAB9F2D15D18}.Ad-Hoc|iPhoneSimulator.Build.0 = Release|x64
		{0BAA85BB-2682-4206-AAE6-EAB9F2D15D18}.Ad-Hoc|iPhoneSimulator.Deploy.0 = Release|x64
		{0BAA85BB-2682-4206-AAE6-EAB9F2D15D18}.Ad-Hoc|x64.ActiveCfg = Release|x64
		{0BAA85BB-2682-4206-AAE6-EAB9F2D15D18}.Ad-Hoc|x64.Build.0 = Release|x64
		{0BAA85BB-2682-4206-AAE6-EAB9F2D15D18}.Ad-Hoc|x64.Deploy.0 = Release|x64
		{0BAA85BB-2682-4206-AAE6-EAB9F2D15D18}.Ad-Hoc|x86.ActiveCfg = Release|x86
		{0BAA85BB-2682-4206-AAE6-EAB9F2D15D18}.Ad-Hoc|x86.Build.0 = Release|x86
		{0BAA85BB-2682-4206-AAE6-EAB9F2D15D18}.Ad-Hoc|x86.Deploy.0 = Release|x86
		{0BAA85BB-2682-4206-AAE6-EAB9F2D15D18}.AppStore|Any CPU.ActiveCfg = Release|x64
		{0BAA85BB-2682-4206-AAE6-EAB9F2D15D18}.AppStore|Any CPU.Build.0 = Release|x64
		{0BAA85BB-2682-4206-AAE6-EAB9F2D15D18}.AppStore|Any CPU.Deploy.0 = Release|x64
		{0BAA85BB-2682-4206-AAE6-EAB9F2D15D18}.AppStore|ARM.ActiveCfg = Release|ARM
		{0BAA85BB-2682-4206-AAE6-EAB9F2D15D18}.AppStore|ARM.Build.0 = Release|ARM
		{0BAA85BB-2682-4206-AAE6-EAB9F2D15D18}.AppStore|ARM.Deploy.0 = Release|ARM
		{0BAA85BB-2682-4206-AAE6-EAB9F2D15D18}.AppStore|ARM64.ActiveCfg = Release|ARM64
		{0BAA85BB-2682-4206-AAE6-EAB9F2D15D18}.AppStore|ARM64.Build.0 = Release|ARM64
		{0BAA85BB-2682-4206-AAE6-EAB9F2D15D18}.AppStore|ARM64.Deploy.0 = Release|ARM64
		{0BAA85BB-2682-4206-AAE6-EAB9F2D15D18}.AppStore|iPhone.ActiveCfg = Release|x64
		{0BAA85BB-2682-4206-AAE6-EAB9F2D15D18}.AppStore|iPhone.Build.0 = Release|x64
		{0BAA85BB-2682-4206-AAE6-EAB9F2D15D18}.AppStore|iPhone.Deploy.0 = Release|x64
		{0BAA85BB-2682-4206-AAE6-EAB9F2D15D18}.AppStore|iPhoneSimulator.ActiveCfg = Release|x64
		{0BAA85BB-2682-4206-AAE6-EAB9F2D15D18}.AppStore|iPhoneSimulator.Build.0 = Release|x64
		{0BAA85BB-2682-4206-AAE6-EAB9F2D15D18}.AppStore|iPhoneSimulator.Deploy.0 = Release|x64
		{0BAA85BB-2682-4206-AAE6-EAB9F2D15D18}.AppStore|x64.ActiveCfg = Release|x64
		{0BAA85BB-2682-4206-AAE6-EAB9F2D15D18}.AppStore|x64.Build.0 = Release|x64
		{0BAA85BB-2682-4206-AAE6-EAB9F2D15D18}.AppStore|x64.Deploy.0 = Release|x64
		{0BAA85BB-2682-4206-AAE6-EAB9F2D15D18}.AppStore|x86.ActiveCfg = Release|x86
		{0BAA85BB-2682-4206-AAE6-EAB9F2D15D18}.AppStore|x86.Build.0 = Release|x86
		{0BAA85BB-2682-4206-AAE6-EAB9F2D15D18}.AppStore|x86.Deploy.0 = Release|x86
		{0BAA85BB-2682-4206-AAE6-EAB9F2D15D18}.Debug|Any CPU.ActiveCfg = Debug|x86
		{0BAA85BB-2682-4206-AAE6-EAB9F2D15D18}.Debug|Any CPU.Build.0 = Debug|x86
		{0BAA85BB-2682-4206-AAE6-EAB9F2D15D18}.Debug|ARM.ActiveCfg = Debug|ARM
		{0BAA85BB-2682-4206-AAE6-EAB9F2D15D18}.Debug|ARM.Build.0 = Debug|ARM
		{0BAA85BB-2682-4206-AAE6-EAB9F2D15D18}.Debug|ARM.Deploy.0 = Debug|ARM
		{0BAA85BB-2682-4206-AAE6-EAB9F2D15D18}.Debug|ARM64.ActiveCfg = Debug|ARM64
		{0BAA85BB-2682-4206-AAE6-EAB9F2D15D18}.Debug|ARM64.Build.0 = Debug|ARM64
		{0BAA85BB-2682-4206-AAE6-EAB9F2D15D18}.Debug|ARM64.Deploy.0 = Debug|ARM64
		{0BAA85BB-2682-4206-AAE6-EAB9F2D15D18}.Debug|iPhone.ActiveCfg = Debug|x86
		{0BAA85BB-2682-4206-AAE6-EAB9F2D15D18}.Debug|iPhoneSimulator.ActiveCfg = Debug|x86
		{0BAA85BB-2682-4206-AAE6-EAB9F2D15D18}.Debug|x64.ActiveCfg = Debug|x64
		{0BAA85BB-2682-4206-AAE6-EAB9F2D15D18}.Debug|x64.Build.0 = Debug|x64
		{0BAA85BB-2682-4206-AAE6-EAB9F2D15D18}.Debug|x64.Deploy.0 = Debug|x64
		{0BAA85BB-2682-4206-AAE6-EAB9F2D15D18}.Debug|x86.ActiveCfg = Debug|x86
		{0BAA85BB-2682-4206-AAE6-EAB9F2D15D18}.Debug|x86.Build.0 = Debug|x86
		{0BAA85BB-2682-4206-AAE6-EAB9F2D15D18}.Debug|x86.Deploy.0 = Debug|x86
		{0BAA85BB-2682-4206-AAE6-EAB9F2D15D18}.Release|Any CPU.ActiveCfg = Release|x86
		{0BAA85BB-2682-4206-AAE6-EAB9F2D15D18}.Release|ARM.ActiveCfg = Release|ARM
		{0BAA85BB-2682-4206-AAE6-EAB9F2D15D18}.Release|ARM.Build.0 = Release|ARM
		{0BAA85BB-2682-4206-AAE6-EAB9F2D15D18}.Release|ARM.Deploy.0 = Release|ARM
		{0BAA85BB-2682-4206-AAE6-EAB9F2D15D18}.Release|ARM64.ActiveCfg = Release|ARM64
		{0BAA85BB-2682-4206-AAE6-EAB9F2D15D18}.Release|ARM64.Build.0 = Release|ARM64
		{0BAA85BB-2682-4206-AAE6-EAB9F2D15D18}.Release|ARM64.Deploy.0 = Release|ARM64
		{0BAA85BB-2682-4206-AAE6-EAB9F2D15D18}.Release|iPhone.ActiveCfg = Release|x86
		{0BAA85BB-2682-4206-AAE6-EAB9F2D15D18}.Release|iPhoneSimulator.ActiveCfg = Release|x86
		{0BAA85BB-2682-4206-AAE6-EAB9F2D15D18}.Release|x64.ActiveCfg = Release|x64
		{0BAA85BB-2682-4206-AAE6-EAB9F2D15D18}.Release|x64.Build.0 = Release|x64
		{0BAA85BB-2682-4206-AAE6-EAB9F2D15D18}.Release|x64.Deploy.0 = Release|x64
		{0BAA85BB-2682-4206-AAE6-EAB9F2D15D18}.Release|x86.ActiveCfg = Release|x86
		{0BAA85BB-2682-4206-AAE6-EAB9F2D15D18}.Release|x86.Build.0 = Release|x86
		{0BAA85BB-2682-4206-AAE6-EAB9F2D15D18}.Release|x86.Deploy.0 = Release|x86
		{ED3A6505-E030-458E-B4B0-6DAC1593BBF4}.Ad-Hoc|Any CPU.ActiveCfg = Debug|Any CPU
		{ED3A6505-E030-458E-B4B0-6DAC1593BBF4}.Ad-Hoc|Any CPU.Build.0 = Debug|Any CPU
		{ED3A6505-E030-458E-B4B0-6DAC1593BBF4}.Ad-Hoc|ARM.ActiveCfg = Debug|Any CPU
		{ED3A6505-E030-458E-B4B0-6DAC1593BBF4}.Ad-Hoc|ARM.Build.0 = Debug|Any CPU
		{ED3A6505-E030-458E-B4B0-6DAC1593BBF4}.Ad-Hoc|ARM64.ActiveCfg = Debug|Any CPU
		{ED3A6505-E030-458E-B4B0-6DAC1593BBF4}.Ad-Hoc|ARM64.Build.0 = Debug|Any CPU
		{ED3A6505-E030-458E-B4B0-6DAC1593BBF4}.Ad-Hoc|iPhone.ActiveCfg = Debug|Any CPU
		{ED3A6505-E030-458E-B4B0-6DAC1593BBF4}.Ad-Hoc|iPhone.Build.0 = Debug|Any CPU
		{ED3A6505-E030-458E-B4B0-6DAC1593BBF4}.Ad-Hoc|iPhoneSimulator.ActiveCfg = Debug|Any CPU
		{ED3A6505-E030-458E-B4B0-6DAC1593BBF4}.Ad-Hoc|iPhoneSimulator.Build.0 = Debug|Any CPU
		{ED3A6505-E030-458E-B4B0-6DAC1593BBF4}.Ad-Hoc|x64.ActiveCfg = Debug|Any CPU
		{ED3A6505-E030-458E-B4B0-6DAC1593BBF4}.Ad-Hoc|x64.Build.0 = Debug|Any CPU
		{ED3A6505-E030-458E-B4B0-6DAC1593BBF4}.Ad-Hoc|x86.ActiveCfg = Debug|Any CPU
		{ED3A6505-E030-458E-B4B0-6DAC1593BBF4}.Ad-Hoc|x86.Build.0 = Debug|Any CPU
		{ED3A6505-E030-458E-B4B0-6DAC1593BBF4}.AppStore|Any CPU.ActiveCfg = Debug|Any CPU
		{ED3A6505-E030-458E-B4B0-6DAC1593BBF4}.AppStore|Any CPU.Build.0 = Debug|Any CPU
		{ED3A6505-E030-458E-B4B0-6DAC1593BBF4}.AppStore|ARM.ActiveCfg = Debug|Any CPU
		{ED3A6505-E030-458E-B4B0-6DAC1593BBF4}.AppStore|ARM.Build.0 = Debug|Any CPU
		{ED3A6505-E030-458E-B4B0-6DAC1593BBF4}.AppStore|ARM64.ActiveCfg = Debug|Any CPU
		{ED3A6505-E030-458E-B4B0-6DAC1593BBF4}.AppStore|ARM64.Build.0 = Debug|Any CPU
		{ED3A6505-E030-458E-B4B0-6DAC1593BBF4}.AppStore|iPhone.ActiveCfg = Debug|Any CPU
		{ED3A6505-E030-458E-B4B0-6DAC1593BBF4}.AppStore|iPhone.Build.0 = Debug|Any CPU
		{ED3A6505-E030-458E-B4B0-6DAC1593BBF4}.AppStore|iPhoneSimulator.ActiveCfg = Debug|Any CPU
		{ED3A6505-E030-458E-B4B0-6DAC1593BBF4}.AppStore|iPhoneSimulator.Build.0 = Debug|Any CPU
		{ED3A6505-E030-458E-B4B0-6DAC1593BBF4}.AppStore|x64.ActiveCfg = Debug|Any CPU
		{ED3A6505-E030-458E-B4B0-6DAC1593BBF4}.AppStore|x64.Build.0 = Debug|Any CPU
		{ED3A6505-E030-458E-B4B0-6DAC1593BBF4}.AppStore|x86.ActiveCfg = Debug|Any CPU
		{ED3A6505-E030-458E-B4B0-6DAC1593BBF4}.AppStore|x86.Build.0 = Debug|Any CPU
		{ED3A6505-E030-458E-B4B0-6DAC1593BBF4}.Debug|Any CPU.ActiveCfg = Debug|Any CPU
		{ED3A6505-E030-458E-B4B0-6DAC1593BBF4}.Debug|Any CPU.Build.0 = Debug|Any CPU
		{ED3A6505-E030-458E-B4B0-6DAC1593BBF4}.Debug|ARM.ActiveCfg = Debug|Any CPU
		{ED3A6505-E030-458E-B4B0-6DAC1593BBF4}.Debug|ARM.Build.0 = Debug|Any CPU
		{ED3A6505-E030-458E-B4B0-6DAC1593BBF4}.Debug|ARM64.ActiveCfg = Debug|Any CPU
		{ED3A6505-E030-458E-B4B0-6DAC1593BBF4}.Debug|ARM64.Build.0 = Debug|Any CPU
		{ED3A6505-E030-458E-B4B0-6DAC1593BBF4}.Debug|iPhone.ActiveCfg = Debug|Any CPU
		{ED3A6505-E030-458E-B4B0-6DAC1593BBF4}.Debug|iPhone.Build.0 = Debug|Any CPU
		{ED3A6505-E030-458E-B4B0-6DAC1593BBF4}.Debug|iPhoneSimulator.ActiveCfg = Debug|Any CPU
		{ED3A6505-E030-458E-B4B0-6DAC1593BBF4}.Debug|iPhoneSimulator.Build.0 = Debug|Any CPU
		{ED3A6505-E030-458E-B4B0-6DAC1593BBF4}.Debug|x64.ActiveCfg = Debug|Any CPU
		{ED3A6505-E030-458E-B4B0-6DAC1593BBF4}.Debug|x64.Build.0 = Debug|Any CPU
		{ED3A6505-E030-458E-B4B0-6DAC1593BBF4}.Debug|x86.ActiveCfg = Debug|Any CPU
		{ED3A6505-E030-458E-B4B0-6DAC1593BBF4}.Debug|x86.Build.0 = Debug|Any CPU
		{ED3A6505-E030-458E-B4B0-6DAC1593BBF4}.Release|Any CPU.ActiveCfg = Release|Any CPU
		{ED3A6505-E030-458E-B4B0-6DAC1593BBF4}.Release|Any CPU.Build.0 = Release|Any CPU
		{ED3A6505-E030-458E-B4B0-6DAC1593BBF4}.Release|ARM.ActiveCfg = Release|Any CPU
		{ED3A6505-E030-458E-B4B0-6DAC1593BBF4}.Release|ARM.Build.0 = Release|Any CPU
		{ED3A6505-E030-458E-B4B0-6DAC1593BBF4}.Release|ARM64.ActiveCfg = Release|Any CPU
		{ED3A6505-E030-458E-B4B0-6DAC1593BBF4}.Release|ARM64.Build.0 = Release|Any CPU
		{ED3A6505-E030-458E-B4B0-6DAC1593BBF4}.Release|iPhone.ActiveCfg = Release|Any CPU
		{ED3A6505-E030-458E-B4B0-6DAC1593BBF4}.Release|iPhone.Build.0 = Release|Any CPU
		{ED3A6505-E030-458E-B4B0-6DAC1593BBF4}.Release|iPhoneSimulator.ActiveCfg = Release|Any CPU
		{ED3A6505-E030-458E-B4B0-6DAC1593BBF4}.Release|iPhoneSimulator.Build.0 = Release|Any CPU
		{ED3A6505-E030-458E-B4B0-6DAC1593BBF4}.Release|x64.ActiveCfg = Release|Any CPU
		{ED3A6505-E030-458E-B4B0-6DAC1593BBF4}.Release|x64.Build.0 = Release|Any CPU
		{ED3A6505-E030-458E-B4B0-6DAC1593BBF4}.Release|x86.ActiveCfg = Release|Any CPU
		{ED3A6505-E030-458E-B4B0-6DAC1593BBF4}.Release|x86.Build.0 = Release|Any CPU
		{8516FF6E-A0EB-4497-A417-0324241A3C37}.Ad-Hoc|Any CPU.ActiveCfg = Release|iPhoneSimulator
		{8516FF6E-A0EB-4497-A417-0324241A3C37}.Ad-Hoc|Any CPU.Build.0 = Release|iPhoneSimulator
		{8516FF6E-A0EB-4497-A417-0324241A3C37}.Ad-Hoc|ARM.ActiveCfg = Release|iPhoneSimulator
		{8516FF6E-A0EB-4497-A417-0324241A3C37}.Ad-Hoc|ARM.Build.0 = Release|iPhoneSimulator
		{8516FF6E-A0EB-4497-A417-0324241A3C37}.Ad-Hoc|ARM64.ActiveCfg = Release|iPhoneSimulator
		{8516FF6E-A0EB-4497-A417-0324241A3C37}.Ad-Hoc|ARM64.Build.0 = Release|iPhoneSimulator
		{8516FF6E-A0EB-4497-A417-0324241A3C37}.Ad-Hoc|iPhone.ActiveCfg = Release|iPhoneSimulator
		{8516FF6E-A0EB-4497-A417-0324241A3C37}.Ad-Hoc|iPhone.Build.0 = Release|iPhoneSimulator
		{8516FF6E-A0EB-4497-A417-0324241A3C37}.Ad-Hoc|iPhoneSimulator.ActiveCfg = Release|iPhoneSimulator
		{8516FF6E-A0EB-4497-A417-0324241A3C37}.Ad-Hoc|iPhoneSimulator.Build.0 = Release|iPhoneSimulator
		{8516FF6E-A0EB-4497-A417-0324241A3C37}.Ad-Hoc|x64.ActiveCfg = Release|iPhoneSimulator
		{8516FF6E-A0EB-4497-A417-0324241A3C37}.Ad-Hoc|x64.Build.0 = Release|iPhoneSimulator
		{8516FF6E-A0EB-4497-A417-0324241A3C37}.Ad-Hoc|x86.ActiveCfg = Release|iPhoneSimulator
		{8516FF6E-A0EB-4497-A417-0324241A3C37}.Ad-Hoc|x86.Build.0 = Release|iPhoneSimulator
		{8516FF6E-A0EB-4497-A417-0324241A3C37}.AppStore|Any CPU.ActiveCfg = Release|iPhoneSimulator
		{8516FF6E-A0EB-4497-A417-0324241A3C37}.AppStore|Any CPU.Build.0 = Release|iPhoneSimulator
		{8516FF6E-A0EB-4497-A417-0324241A3C37}.AppStore|ARM.ActiveCfg = Release|iPhoneSimulator
		{8516FF6E-A0EB-4497-A417-0324241A3C37}.AppStore|ARM.Build.0 = Release|iPhoneSimulator
		{8516FF6E-A0EB-4497-A417-0324241A3C37}.AppStore|ARM64.ActiveCfg = Release|iPhoneSimulator
		{8516FF6E-A0EB-4497-A417-0324241A3C37}.AppStore|ARM64.Build.0 = Release|iPhoneSimulator
		{8516FF6E-A0EB-4497-A417-0324241A3C37}.AppStore|iPhone.ActiveCfg = Release|iPhoneSimulator
		{8516FF6E-A0EB-4497-A417-0324241A3C37}.AppStore|iPhone.Build.0 = Release|iPhoneSimulator
		{8516FF6E-A0EB-4497-A417-0324241A3C37}.AppStore|iPhoneSimulator.ActiveCfg = Release|iPhoneSimulator
		{8516FF6E-A0EB-4497-A417-0324241A3C37}.AppStore|iPhoneSimulator.Build.0 = Release|iPhoneSimulator
		{8516FF6E-A0EB-4497-A417-0324241A3C37}.AppStore|x64.ActiveCfg = Release|iPhoneSimulator
		{8516FF6E-A0EB-4497-A417-0324241A3C37}.AppStore|x64.Build.0 = Release|iPhoneSimulator
		{8516FF6E-A0EB-4497-A417-0324241A3C37}.AppStore|x86.ActiveCfg = Release|iPhoneSimulator
		{8516FF6E-A0EB-4497-A417-0324241A3C37}.AppStore|x86.Build.0 = Release|iPhoneSimulator
		{8516FF6E-A0EB-4497-A417-0324241A3C37}.Debug|Any CPU.ActiveCfg = Debug|iPhoneSimulator
		{8516FF6E-A0EB-4497-A417-0324241A3C37}.Debug|Any CPU.Build.0 = Debug|iPhoneSimulator
		{8516FF6E-A0EB-4497-A417-0324241A3C37}.Debug|ARM.ActiveCfg = Debug|iPhoneSimulator
		{8516FF6E-A0EB-4497-A417-0324241A3C37}.Debug|ARM64.ActiveCfg = Debug|iPhoneSimulator
		{8516FF6E-A0EB-4497-A417-0324241A3C37}.Debug|iPhone.ActiveCfg = Debug|iPhoneSimulator
		{8516FF6E-A0EB-4497-A417-0324241A3C37}.Debug|iPhoneSimulator.ActiveCfg = Debug|iPhoneSimulator
		{8516FF6E-A0EB-4497-A417-0324241A3C37}.Debug|iPhoneSimulator.Build.0 = Debug|iPhoneSimulator
		{8516FF6E-A0EB-4497-A417-0324241A3C37}.Debug|x64.ActiveCfg = Debug|iPhoneSimulator
		{8516FF6E-A0EB-4497-A417-0324241A3C37}.Debug|x86.ActiveCfg = Debug|iPhoneSimulator
		{8516FF6E-A0EB-4497-A417-0324241A3C37}.Release|Any CPU.ActiveCfg = Release|iPhoneSimulator
		{8516FF6E-A0EB-4497-A417-0324241A3C37}.Release|ARM.ActiveCfg = Release|iPhoneSimulator
		{8516FF6E-A0EB-4497-A417-0324241A3C37}.Release|ARM64.ActiveCfg = Release|iPhoneSimulator
		{8516FF6E-A0EB-4497-A417-0324241A3C37}.Release|iPhone.ActiveCfg = Release|iPhoneSimulator
		{8516FF6E-A0EB-4497-A417-0324241A3C37}.Release|iPhoneSimulator.ActiveCfg = Release|iPhoneSimulator
		{8516FF6E-A0EB-4497-A417-0324241A3C37}.Release|iPhoneSimulator.Build.0 = Release|iPhoneSimulator
		{8516FF6E-A0EB-4497-A417-0324241A3C37}.Release|x64.ActiveCfg = Release|iPhoneSimulator
		{8516FF6E-A0EB-4497-A417-0324241A3C37}.Release|x86.ActiveCfg = Release|iPhoneSimulator
	EndGlobalSection
	GlobalSection(SolutionProperties) = preSolution
		HideSolutionNode = FALSE
	EndGlobalSection
	GlobalSection(ExtensibilityGlobals) = postSolution
		SolutionGuid = {A1B998E5-C050-435E-BCEB-AF7D957D6424}
	EndGlobalSection
EndGlobal
